
Microsoft Visual Studio Solution File, Format Version 12.00
# Visual Studio Version 16
VisualStudioVersion = 16.0.30320.27
MinimumVisualStudioVersion = 10.0.40219.1
Project("{FAE04EC0-301F-11D3-BF4B-00C04F79EFBC}") = "apivistoria2", "apivistoria2\apivistoria2.csproj", "{F884C1DD-46BA-4943-9F5C-FF22708FDC96}"
EndProject
Global
	GlobalSection(SolutionConfigurationPlatforms) = preSolution
		Debug|Any CPU = Debug|Any CPU
		Release|Any CPU = Release|Any CPU
	EndGlobalSection
	GlobalSection(ProjectConfigurationPlatforms) = postSolution
		{F884C1DD-46BA-4943-9F5C-FF22708FDC96}.Debug|Any CPU.ActiveCfg = Debug|Any CPU
		{F884C1DD-46BA-4943-9F5C-FF22708FDC96}.Debug|Any CPU.Build.0 = Debug|Any CPU
		{F884C1DD-46BA-4943-9F5C-FF22708FDC96}.Release|Any CPU.ActiveCfg = Release|Any CPU
		{F884C1DD-46BA-4943-9F5C-FF22708FDC96}.Release|Any CPU.Build.0 = Release|Any CPU
	EndGlobalSection
	GlobalSection(SolutionProperties) = preSolution
		HideSolutionNode = FALSE
	EndGlobalSection
	GlobalSection(ExtensibilityGlobals) = postSolution
		SolutionGuid = {68C2B690-07CA-4AF7-9F82-E03FF45E6691}
	EndGlobalSection
EndGlobal
